// !$*UTF8*$!
{
	archiveVersion = 1;
	classes = {
	};
	objectVersion = 60;
	objects = {

/* Begin PBXBuildFile section */
		A32F9BF22A8B652200149369 /* ViewModel.swift in Sources */ = {isa = PBXBuildFile; fileRef = A32F9BF12A8B652200149369 /* ViewModel.swift */; };
		A32F9BFC2A8B6B8A00149369 /* Decoy in Frameworks */ = {isa = PBXBuildFile; productRef = A32F9BFB2A8B6B8A00149369 /* Decoy */; };
		A32F9C022A8B6BD200149369 /* DecoyXCUI in Frameworks */ = {isa = PBXBuildFile; productRef = A32F9C012A8B6BD200149369 /* DecoyXCUI */; };
		A35E17042A8B628300438A0A /* DecoyExampleApp.swift in Sources */ = {isa = PBXBuildFile; fileRef = A35E17032A8B628300438A0A /* DecoyExampleApp.swift */; };
		A35E17062A8B628300438A0A /* ContentView.swift in Sources */ = {isa = PBXBuildFile; fileRef = A35E17052A8B628300438A0A /* ContentView.swift */; };
		A35E17082A8B628300438A0A /* Assets.xcassets in Resources */ = {isa = PBXBuildFile; fileRef = A35E17072A8B628300438A0A /* Assets.xcassets */; };
		A35E170C2A8B628300438A0A /* Preview Assets.xcassets in Resources */ = {isa = PBXBuildFile; fileRef = A35E170B2A8B628300438A0A /* Preview Assets.xcassets */; };
		A35E17202A8B628300438A0A /* DecoyExampleUITests.swift in Sources */ = {isa = PBXBuildFile; fileRef = A35E171F2A8B628300438A0A /* DecoyExampleUITests.swift */; };
/* End PBXBuildFile section */

/* Begin PBXContainerItemProxy section */
		A35E171C2A8B628300438A0A /* PBXContainerItemProxy */ = {
			isa = PBXContainerItemProxy;
			containerPortal = A35E16F82A8B628300438A0A /* Project object */;
			proxyType = 1;
			remoteGlobalIDString = A35E16FF2A8B628300438A0A;
			remoteInfo = DecoyExample;
		};
/* End PBXContainerItemProxy section */

/* Begin PBXFileReference section */
		A32F9BF12A8B652200149369 /* ViewModel.swift */ = {isa = PBXFileReference; fileEncoding = 4; lastKnownFileType = sourcecode.swift; path = ViewModel.swift; sourceTree = "<group>"; };
		A32F9BF92A8B657400149369 /* DecoyExample.xctestplan */ = {isa = PBXFileReference; lastKnownFileType = text; path = DecoyExample.xctestplan; sourceTree = "<group>"; };
		A35E17002A8B628300438A0A /* DecoyExample.app */ = {isa = PBXFileReference; explicitFileType = wrapper.application; includeInIndex = 0; path = DecoyExample.app; sourceTree = BUILT_PRODUCTS_DIR; };
		A35E17032A8B628300438A0A /* DecoyExampleApp.swift */ = {isa = PBXFileReference; lastKnownFileType = sourcecode.swift; path = DecoyExampleApp.swift; sourceTree = "<group>"; };
		A35E17052A8B628300438A0A /* ContentView.swift */ = {isa = PBXFileReference; lastKnownFileType = sourcecode.swift; path = ContentView.swift; sourceTree = "<group>"; };
		A35E17072A8B628300438A0A /* Assets.xcassets */ = {isa = PBXFileReference; lastKnownFileType = folder.assetcatalog; path = Assets.xcassets; sourceTree = "<group>"; };
		A35E17092A8B628300438A0A /* DecoyExample.entitlements */ = {isa = PBXFileReference; lastKnownFileType = text.plist.entitlements; path = DecoyExample.entitlements; sourceTree = "<group>"; };
		A35E170B2A8B628300438A0A /* Preview Assets.xcassets */ = {isa = PBXFileReference; lastKnownFileType = folder.assetcatalog; path = "Preview Assets.xcassets"; sourceTree = "<group>"; };
		A35E171B2A8B628300438A0A /* DecoyExampleUITests.xctest */ = {isa = PBXFileReference; explicitFileType = wrapper.cfbundle; includeInIndex = 0; path = DecoyExampleUITests.xctest; sourceTree = BUILT_PRODUCTS_DIR; };
		A35E171F2A8B628300438A0A /* DecoyExampleUITests.swift */ = {isa = PBXFileReference; lastKnownFileType = sourcecode.swift; path = DecoyExampleUITests.swift; sourceTree = "<group>"; };
/* End PBXFileReference section */

/* Begin PBXFrameworksBuildPhase section */
		A35E16FD2A8B628300438A0A /* Frameworks */ = {
			isa = PBXFrameworksBuildPhase;
			buildActionMask = 2147483647;
			files = (
				A32F9BFC2A8B6B8A00149369 /* Decoy in Frameworks */,
			);
			runOnlyForDeploymentPostprocessing = 0;
		};
		A35E17182A8B628300438A0A /* Frameworks */ = {
			isa = PBXFrameworksBuildPhase;
			buildActionMask = 2147483647;
			files = (
				A32F9C022A8B6BD200149369 /* DecoyXCUI in Frameworks */,
			);
			runOnlyForDeploymentPostprocessing = 0;
		};
/* End PBXFrameworksBuildPhase section */

/* Begin PBXGroup section */
		A35E16F72A8B628300438A0A = {
			isa = PBXGroup;
			children = (
				A32F9BF92A8B657400149369 /* DecoyExample.xctestplan */,
				A35E17022A8B628300438A0A /* DecoyExample */,
				A35E171E2A8B628300438A0A /* DecoyExampleUITests */,
				A35E17012A8B628300438A0A /* Products */,
			);
			sourceTree = "<group>";
		};
		A35E17012A8B628300438A0A /* Products */ = {
			isa = PBXGroup;
			children = (
				A35E17002A8B628300438A0A /* DecoyExample.app */,
				A35E171B2A8B628300438A0A /* DecoyExampleUITests.xctest */,
			);
			name = Products;
			sourceTree = "<group>";
		};
		A35E17022A8B628300438A0A /* DecoyExample */ = {
			isa = PBXGroup;
			children = (
				A35E17032A8B628300438A0A /* DecoyExampleApp.swift */,
				A35E17052A8B628300438A0A /* ContentView.swift */,
				A32F9BF12A8B652200149369 /* ViewModel.swift */,
				A35E17072A8B628300438A0A /* Assets.xcassets */,
				A35E17092A8B628300438A0A /* DecoyExample.entitlements */,
				A35E170A2A8B628300438A0A /* Preview Content */,
			);
			path = DecoyExample;
			sourceTree = "<group>";
		};
		A35E170A2A8B628300438A0A /* Preview Content */ = {
			isa = PBXGroup;
			children = (
				A35E170B2A8B628300438A0A /* Preview Assets.xcassets */,
			);
			path = "Preview Content";
			sourceTree = "<group>";
		};
		A35E171E2A8B628300438A0A /* DecoyExampleUITests */ = {
			isa = PBXGroup;
			children = (
				A35E171F2A8B628300438A0A /* DecoyExampleUITests.swift */,
			);
			path = DecoyExampleUITests;
			sourceTree = "<group>";
		};
/* End PBXGroup section */

/* Begin PBXNativeTarget section */
		A35E16FF2A8B628300438A0A /* DecoyExample */ = {
			isa = PBXNativeTarget;
			buildConfigurationList = A35E17252A8B628300438A0A /* Build configuration list for PBXNativeTarget "DecoyExample" */;
			buildPhases = (
				A35E16FC2A8B628300438A0A /* Sources */,
				A35E16FD2A8B628300438A0A /* Frameworks */,
				A35E16FE2A8B628300438A0A /* Resources */,
			);
			buildRules = (
			);
			dependencies = (
			);
			name = DecoyExample;
			packageProductDependencies = (
				A32F9BFB2A8B6B8A00149369 /* Decoy */,
			);
			productName = DecoyExample;
			productReference = A35E17002A8B628300438A0A /* DecoyExample.app */;
			productType = "com.apple.product-type.application";
		};
		A35E171A2A8B628300438A0A /* DecoyExampleUITests */ = {
			isa = PBXNativeTarget;
			buildConfigurationList = A35E172B2A8B628300438A0A /* Build configuration list for PBXNativeTarget "DecoyExampleUITests" */;
			buildPhases = (
				A35E17172A8B628300438A0A /* Sources */,
				A35E17182A8B628300438A0A /* Frameworks */,
				A35E17192A8B628300438A0A /* Resources */,
			);
			buildRules = (
			);
			dependencies = (
				A35E171D2A8B628300438A0A /* PBXTargetDependency */,
			);
			name = DecoyExampleUITests;
			packageProductDependencies = (
				A32F9C012A8B6BD200149369 /* DecoyXCUI */,
			);
			productName = DecoyExampleUITests;
			productReference = A35E171B2A8B628300438A0A /* DecoyExampleUITests.xctest */;
			productType = "com.apple.product-type.bundle.ui-testing";
		};
/* End PBXNativeTarget section */

/* Begin PBXProject section */
		A35E16F82A8B628300438A0A /* Project object */ = {
			isa = PBXProject;
			attributes = {
				BuildIndependentTargetsInParallel = 1;
				LastSwiftUpdateCheck = 1410;
				LastUpgradeCheck = 1400;
				TargetAttributes = {
					A35E16FF2A8B628300438A0A = {
						CreatedOnToolsVersion = 14.1;
					};
					A35E171A2A8B628300438A0A = {
						CreatedOnToolsVersion = 14.1;
						TestTargetID = A35E16FF2A8B628300438A0A;
					};
				};
			};
			buildConfigurationList = A35E16FB2A8B628300438A0A /* Build configuration list for PBXProject "DecoyExample" */;
			compatibilityVersion = "Xcode 14.0";
			developmentRegion = en;
			hasScannedForEncodings = 0;
			knownRegions = (
				en,
				Base,
			);
			mainGroup = A35E16F72A8B628300438A0A;
			packageReferences = (
				A32F9BFA2A8B6B8A00149369 /* XCLocalSwiftPackageReference "../Decoy" */,
				A32F9C002A8B6BD200149369 /* XCLocalSwiftPackageReference "../DecoyXCUI" */,
			);
			productRefGroup = A35E17012A8B628300438A0A /* Products */;
			projectDirPath = "";
			projectRoot = "";
			targets = (
				A35E16FF2A8B628300438A0A /* DecoyExample */,
				A35E171A2A8B628300438A0A /* DecoyExampleUITests */,
			);
		};
/* End PBXProject section */

/* Begin PBXResourcesBuildPhase section */
		A35E16FE2A8B628300438A0A /* Resources */ = {
			isa = PBXResourcesBuildPhase;
			buildActionMask = 2147483647;
			files = (
				A35E170C2A8B628300438A0A /* Preview Assets.xcassets in Resources */,
				A35E17082A8B628300438A0A /* Assets.xcassets in Resources */,
			);
			runOnlyForDeploymentPostprocessing = 0;
		};
		A35E17192A8B628300438A0A /* Resources */ = {
			isa = PBXResourcesBuildPhase;
			buildActionMask = 2147483647;
			files = (
			);
			runOnlyForDeploymentPostprocessing = 0;
		};
/* End PBXResourcesBuildPhase section */

/* Begin PBXSourcesBuildPhase section */
		A35E16FC2A8B628300438A0A /* Sources */ = {
			isa = PBXSourcesBuildPhase;
			buildActionMask = 2147483647;
			files = (
				A35E17062A8B628300438A0A /* ContentView.swift in Sources */,
				A32F9BF22A8B652200149369 /* ViewModel.swift in Sources */,
				A35E17042A8B628300438A0A /* DecoyExampleApp.swift in Sources */,
			);
			runOnlyForDeploymentPostprocessing = 0;
		};
		A35E17172A8B628300438A0A /* Sources */ = {
			isa = PBXSourcesBuildPhase;
			buildActionMask = 2147483647;
			files = (
				A35E17202A8B628300438A0A /* DecoyExampleUITests.swift in Sources */,
			);
			runOnlyForDeploymentPostprocessing = 0;
		};
/* End PBXSourcesBuildPhase section */

/* Begin PBXTargetDependency section */
		A35E171D2A8B628300438A0A /* PBXTargetDependency */ = {
			isa = PBXTargetDependency;
			target = A35E16FF2A8B628300438A0A /* DecoyExample */;
			targetProxy = A35E171C2A8B628300438A0A /* PBXContainerItemProxy */;
		};
/* End PBXTargetDependency section */

/* Begin XCBuildConfiguration section */
		A35E17232A8B628300438A0A /* Debug */ = {
			isa = XCBuildConfiguration;
			buildSettings = {
				ALWAYS_SEARCH_USER_PATHS = NO;
				CLANG_ANALYZER_NONNULL = YES;
				CLANG_ANALYZER_NUMBER_OBJECT_CONVERSION = YES_AGGRESSIVE;
				CLANG_CXX_LANGUAGE_STANDARD = "gnu++20";
				CLANG_ENABLE_MODULES = YES;
				CLANG_ENABLE_OBJC_ARC = YES;
				CLANG_ENABLE_OBJC_WEAK = YES;
				CLANG_WARN_BLOCK_CAPTURE_AUTORELEASING = YES;
				CLANG_WARN_BOOL_CONVERSION = YES;
				CLANG_WARN_COMMA = YES;
				CLANG_WARN_CONSTANT_CONVERSION = YES;
				CLANG_WARN_DEPRECATED_OBJC_IMPLEMENTATIONS = YES;
				CLANG_WARN_DIRECT_OBJC_ISA_USAGE = YES_ERROR;
				CLANG_WARN_DOCUMENTATION_COMMENTS = YES;
				CLANG_WARN_EMPTY_BODY = YES;
				CLANG_WARN_ENUM_CONVERSION = YES;
				CLANG_WARN_INFINITE_RECURSION = YES;
				CLANG_WARN_INT_CONVERSION = YES;
				CLANG_WARN_NON_LITERAL_NULL_CONVERSION = YES;
				CLANG_WARN_OBJC_IMPLICIT_RETAIN_SELF = YES;
				CLANG_WARN_OBJC_LITERAL_CONVERSION = YES;
				CLANG_WARN_OBJC_ROOT_CLASS = YES_ERROR;
				CLANG_WARN_QUOTED_INCLUDE_IN_FRAMEWORK_HEADER = YES;
				CLANG_WARN_RANGE_LOOP_ANALYSIS = YES;
				CLANG_WARN_STRICT_PROTOTYPES = YES;
				CLANG_WARN_SUSPICIOUS_MOVE = YES;
				CLANG_WARN_UNGUARDED_AVAILABILITY = YES_AGGRESSIVE;
				CLANG_WARN_UNREACHABLE_CODE = YES;
				CLANG_WARN__DUPLICATE_METHOD_MATCH = YES;
				COPY_PHASE_STRIP = NO;
				DEAD_CODE_STRIPPING = YES;
				DEBUG_INFORMATION_FORMAT = dwarf;
				ENABLE_STRICT_OBJC_MSGSEND = YES;
				ENABLE_TESTABILITY = YES;
				ENABLE_USER_SCRIPT_SANDBOXING = YES;
				GCC_C_LANGUAGE_STANDARD = gnu11;
				GCC_DYNAMIC_NO_PIC = NO;
				GCC_NO_COMMON_BLOCKS = YES;
				GCC_OPTIMIZATION_LEVEL = 0;
				GCC_PREPROCESSOR_DEFINITIONS = (
					"DEBUG=1",
					"$(inherited)",
				);
				GCC_WARN_64_TO_32_BIT_CONVERSION = YES;
				GCC_WARN_ABOUT_RETURN_TYPE = YES_ERROR;
				GCC_WARN_UNDECLARED_SELECTOR = YES;
				GCC_WARN_UNINITIALIZED_AUTOS = YES_AGGRESSIVE;
				GCC_WARN_UNUSED_FUNCTION = YES;
				GCC_WARN_UNUSED_VARIABLE = YES;
				MTL_ENABLE_DEBUG_INFO = INCLUDE_SOURCE;
				MTL_FAST_MATH = YES;
				ONLY_ACTIVE_ARCH = YES;
				SWIFT_ACTIVE_COMPILATION_CONDITIONS = DEBUG;
				SWIFT_OPTIMIZATION_LEVEL = "-Onone";
			};
			name = Debug;
		};
		A35E17242A8B628300438A0A /* Release */ = {
			isa = XCBuildConfiguration;
			buildSettings = {
				ALWAYS_SEARCH_USER_PATHS = NO;
				CLANG_ANALYZER_NONNULL = YES;
				CLANG_ANALYZER_NUMBER_OBJECT_CONVERSION = YES_AGGRESSIVE;
				CLANG_CXX_LANGUAGE_STANDARD = "gnu++20";
				CLANG_ENABLE_MODULES = YES;
				CLANG_ENABLE_OBJC_ARC = YES;
				CLANG_ENABLE_OBJC_WEAK = YES;
				CLANG_WARN_BLOCK_CAPTURE_AUTORELEASING = YES;
				CLANG_WARN_BOOL_CONVERSION = YES;
				CLANG_WARN_COMMA = YES;
				CLANG_WARN_CONSTANT_CONVERSION = YES;
				CLANG_WARN_DEPRECATED_OBJC_IMPLEMENTATIONS = YES;
				CLANG_WARN_DIRECT_OBJC_ISA_USAGE = YES_ERROR;
				CLANG_WARN_DOCUMENTATION_COMMENTS = YES;
				CLANG_WARN_EMPTY_BODY = YES;
				CLANG_WARN_ENUM_CONVERSION = YES;
				CLANG_WARN_INFINITE_RECURSION = YES;
				CLANG_WARN_INT_CONVERSION = YES;
				CLANG_WARN_NON_LITERAL_NULL_CONVERSION = YES;
				CLANG_WARN_OBJC_IMPLICIT_RETAIN_SELF = YES;
				CLANG_WARN_OBJC_LITERAL_CONVERSION = YES;
				CLANG_WARN_OBJC_ROOT_CLASS = YES_ERROR;
				CLANG_WARN_QUOTED_INCLUDE_IN_FRAMEWORK_HEADER = YES;
				CLANG_WARN_RANGE_LOOP_ANALYSIS = YES;
				CLANG_WARN_STRICT_PROTOTYPES = YES;
				CLANG_WARN_SUSPICIOUS_MOVE = YES;
				CLANG_WARN_UNGUARDED_AVAILABILITY = YES_AGGRESSIVE;
				CLANG_WARN_UNREACHABLE_CODE = YES;
				CLANG_WARN__DUPLICATE_METHOD_MATCH = YES;
				COPY_PHASE_STRIP = NO;
				DEAD_CODE_STRIPPING = YES;
				DEBUG_INFORMATION_FORMAT = "dwarf-with-dsym";
				ENABLE_NS_ASSERTIONS = NO;
				ENABLE_STRICT_OBJC_MSGSEND = YES;
				ENABLE_USER_SCRIPT_SANDBOXING = YES;
				GCC_C_LANGUAGE_STANDARD = gnu11;
				GCC_NO_COMMON_BLOCKS = YES;
				GCC_WARN_64_TO_32_BIT_CONVERSION = YES;
				GCC_WARN_ABOUT_RETURN_TYPE = YES_ERROR;
				GCC_WARN_UNDECLARED_SELECTOR = YES;
				GCC_WARN_UNINITIALIZED_AUTOS = YES_AGGRESSIVE;
				GCC_WARN_UNUSED_FUNCTION = YES;
				GCC_WARN_UNUSED_VARIABLE = YES;
				MTL_ENABLE_DEBUG_INFO = NO;
				MTL_FAST_MATH = YES;
				SWIFT_COMPILATION_MODE = wholemodule;
				SWIFT_OPTIMIZATION_LEVEL = "-O";
			};
			name = Release;
		};
		A35E17262A8B628300438A0A /* Debug */ = {
			isa = XCBuildConfiguration;
			buildSettings = {
				ASSETCATALOG_COMPILER_APPICON_NAME = AppIcon;
				ASSETCATALOG_COMPILER_GLOBAL_ACCENT_COLOR_NAME = AccentColor;
				CODE_SIGN_ENTITLEMENTS = DecoyExample/DecoyExample.entitlements;
				CODE_SIGN_STYLE = Automatic;
				CURRENT_PROJECT_VERSION = 1;
				DEAD_CODE_STRIPPING = YES;
				DEVELOPMENT_ASSET_PATHS = "\"DecoyExample/Preview Content\"";
				DEVELOPMENT_TEAM = DKUXY47LSM;
				ENABLE_HARDENED_RUNTIME = YES;
				ENABLE_PREVIEWS = YES;
				GENERATE_INFOPLIST_FILE = YES;
				"INFOPLIST_KEY_UIApplicationSceneManifest_Generation[sdk=iphoneos*]" = YES;
				"INFOPLIST_KEY_UIApplicationSceneManifest_Generation[sdk=iphonesimulator*]" = YES;
				"INFOPLIST_KEY_UIApplicationSupportsIndirectInputEvents[sdk=iphoneos*]" = YES;
				"INFOPLIST_KEY_UIApplicationSupportsIndirectInputEvents[sdk=iphonesimulator*]" = YES;
				"INFOPLIST_KEY_UILaunchScreen_Generation[sdk=iphoneos*]" = YES;
				"INFOPLIST_KEY_UILaunchScreen_Generation[sdk=iphonesimulator*]" = YES;
				"INFOPLIST_KEY_UIStatusBarStyle[sdk=iphoneos*]" = UIStatusBarStyleDefault;
				"INFOPLIST_KEY_UIStatusBarStyle[sdk=iphonesimulator*]" = UIStatusBarStyleDefault;
				INFOPLIST_KEY_UISupportedInterfaceOrientations_iPad = "UIInterfaceOrientationPortrait UIInterfaceOrientationPortraitUpsideDown UIInterfaceOrientationLandscapeLeft UIInterfaceOrientationLandscapeRight";
				INFOPLIST_KEY_UISupportedInterfaceOrientations_iPhone = "UIInterfaceOrientationPortrait UIInterfaceOrientationLandscapeLeft UIInterfaceOrientationLandscapeRight";
				IPHONEOS_DEPLOYMENT_TARGET = 16.1;
				LD_RUNPATH_SEARCH_PATHS = "@executable_path/Frameworks";
				"LD_RUNPATH_SEARCH_PATHS[sdk=macosx*]" = "@executable_path/../Frameworks";
				MACOSX_DEPLOYMENT_TARGET = 13.0;
				MARKETING_VERSION = 1.0;
				PRODUCT_BUNDLE_IDENTIFIER = com.lukecharman.DecoyExample;
				PRODUCT_NAME = "$(TARGET_NAME)";
				SDKROOT = auto;
				SUPPORTED_PLATFORMS = "iphoneos iphonesimulator macosx";
				SWIFT_EMIT_LOC_STRINGS = YES;
				SWIFT_VERSION = 5.0;
				TARGETED_DEVICE_FAMILY = "1,2";
			};
			name = Debug;
		};
		A35E17272A8B628300438A0A /* Release */ = {
			isa = XCBuildConfiguration;
			buildSettings = {
				ASSETCATALOG_COMPILER_APPICON_NAME = AppIcon;
				ASSETCATALOG_COMPILER_GLOBAL_ACCENT_COLOR_NAME = AccentColor;
				CODE_SIGN_ENTITLEMENTS = DecoyExample/DecoyExample.entitlements;
				CODE_SIGN_STYLE = Automatic;
				CURRENT_PROJECT_VERSION = 1;
				DEAD_CODE_STRIPPING = YES;
				DEVELOPMENT_ASSET_PATHS = "\"DecoyExample/Preview Content\"";
				DEVELOPMENT_TEAM = DKUXY47LSM;
				ENABLE_HARDENED_RUNTIME = YES;
				ENABLE_PREVIEWS = YES;
				GENERATE_INFOPLIST_FILE = YES;
				"INFOPLIST_KEY_UIApplicationSceneManifest_Generation[sdk=iphoneos*]" = YES;
				"INFOPLIST_KEY_UIApplicationSceneManifest_Generation[sdk=iphonesimulator*]" = YES;
				"INFOPLIST_KEY_UIApplicationSupportsIndirectInputEvents[sdk=iphoneos*]" = YES;
				"INFOPLIST_KEY_UIApplicationSupportsIndirectInputEvents[sdk=iphonesimulator*]" = YES;
				"INFOPLIST_KEY_UILaunchScreen_Generation[sdk=iphoneos*]" = YES;
				"INFOPLIST_KEY_UILaunchScreen_Generation[sdk=iphonesimulator*]" = YES;
				"INFOPLIST_KEY_UIStatusBarStyle[sdk=iphoneos*]" = UIStatusBarStyleDefault;
				"INFOPLIST_KEY_UIStatusBarStyle[sdk=iphonesimulator*]" = UIStatusBarStyleDefault;
				INFOPLIST_KEY_UISupportedInterfaceOrientations_iPad = "UIInterfaceOrientationPortrait UIInterfaceOrientationPortraitUpsideDown UIInterfaceOrientationLandscapeLeft UIInterfaceOrientationLandscapeRight";
				INFOPLIST_KEY_UISupportedInterfaceOrientations_iPhone = "UIInterfaceOrientationPortrait UIInterfaceOrientationLandscapeLeft UIInterfaceOrientationLandscapeRight";
				IPHONEOS_DEPLOYMENT_TARGET = 16.1;
				LD_RUNPATH_SEARCH_PATHS = "@executable_path/Frameworks";
				"LD_RUNPATH_SEARCH_PATHS[sdk=macosx*]" = "@executable_path/../Frameworks";
				MACOSX_DEPLOYMENT_TARGET = 13.0;
				MARKETING_VERSION = 1.0;
				PRODUCT_BUNDLE_IDENTIFIER = com.lukecharman.DecoyExample;
				PRODUCT_NAME = "$(TARGET_NAME)";
				SDKROOT = auto;
				SUPPORTED_PLATFORMS = "iphoneos iphonesimulator macosx";
				SWIFT_EMIT_LOC_STRINGS = YES;
				SWIFT_VERSION = 5.0;
				TARGETED_DEVICE_FAMILY = "1,2";
			};
			name = Release;
		};
		A35E172C2A8B628300438A0A /* Debug */ = {
			isa = XCBuildConfiguration;
			buildSettings = {
				ALWAYS_EMBED_SWIFT_STANDARD_LIBRARIES = YES;
				CODE_SIGN_STYLE = Automatic;
				CURRENT_PROJECT_VERSION = 1;
				DEAD_CODE_STRIPPING = YES;
				DEVELOPMENT_TEAM = DKUXY47LSM;
				GENERATE_INFOPLIST_FILE = YES;
				IPHONEOS_DEPLOYMENT_TARGET = 16.1;
				MACOSX_DEPLOYMENT_TARGET = 13.0;
				MARKETING_VERSION = 1.0;
				PRODUCT_BUNDLE_IDENTIFIER = com.lukecharman.DecoyExampleUITests;
				PRODUCT_NAME = "$(TARGET_NAME)";
				SDKROOT = auto;
				SUPPORTED_PLATFORMS = "iphoneos iphonesimulator macosx";
				SWIFT_EMIT_LOC_STRINGS = NO;
				SWIFT_VERSION = 5.0;
				TARGETED_DEVICE_FAMILY = "1,2";
				TEST_TARGET_NAME = DecoyExample;
			};
			name = Debug;
		};
		A35E172D2A8B628300438A0A /* Release */ = {
			isa = XCBuildConfiguration;
			buildSettings = {
				ALWAYS_EMBED_SWIFT_STANDARD_LIBRARIES = YES;
				CODE_SIGN_STYLE = Automatic;
				CURRENT_PROJECT_VERSION = 1;
				DEAD_CODE_STRIPPING = YES;
				DEVELOPMENT_TEAM = DKUXY47LSM;
				GENERATE_INFOPLIST_FILE = YES;
				IPHONEOS_DEPLOYMENT_TARGET = 16.1;
				MACOSX_DEPLOYMENT_TARGET = 13.0;
				MARKETING_VERSION = 1.0;
				PRODUCT_BUNDLE_IDENTIFIER = com.lukecharman.DecoyExampleUITests;
				PRODUCT_NAME = "$(TARGET_NAME)";
				SDKROOT = auto;
				SUPPORTED_PLATFORMS = "iphoneos iphonesimulator macosx";
				SWIFT_EMIT_LOC_STRINGS = NO;
				SWIFT_VERSION = 5.0;
				TARGETED_DEVICE_FAMILY = "1,2";
				TEST_TARGET_NAME = DecoyExample;
			};
			name = Release;
		};
/* End XCBuildConfiguration section */

/* Begin XCConfigurationList section */
		A35E16FB2A8B628300438A0A /* Build configuration list for PBXProject "DecoyExample" */ = {
			isa = XCConfigurationList;
			buildConfigurations = (
				A35E17232A8B628300438A0A /* Debug */,
				A35E17242A8B628300438A0A /* Release */,
			);
			defaultConfigurationIsVisible = 0;
			defaultConfigurationName = Release;
		};
		A35E17252A8B628300438A0A /* Build configuration list for PBXNativeTarget "DecoyExample" */ = {
			isa = XCConfigurationList;
			buildConfigurations = (
				A35E17262A8B628300438A0A /* Debug */,
				A35E17272A8B628300438A0A /* Release */,
			);
			defaultConfigurationIsVisible = 0;
			defaultConfigurationName = Release;
		};
		A35E172B2A8B628300438A0A /* Build configuration list for PBXNativeTarget "DecoyExampleUITests" */ = {
			isa = XCConfigurationList;
			buildConfigurations = (
				A35E172C2A8B628300438A0A /* Debug */,
				A35E172D2A8B628300438A0A /* Release */,
			);
			defaultConfigurationIsVisible = 0;
			defaultConfigurationName = Release;
		};
/* End XCConfigurationList section */

/* Begin XCLocalSwiftPackageReference section */
		A32F9BFA2A8B6B8A00149369 /* XCLocalSwiftPackageReference "../Decoy" */ = {
			isa = XCLocalSwiftPackageReference;
			relativePath = ../Decoy;
		};
		A32F9C002A8B6BD200149369 /* XCLocalSwiftPackageReference "../DecoyXCUI" */ = {
			isa = XCLocalSwiftPackageReference;
			relativePath = ../DecoyXCUI;
		};
/* End XCLocalSwiftPackageReference section */

/* Begin XCSwiftPackageProductDependency section */
		A32F9BFB2A8B6B8A00149369 /* Decoy */ = {
			isa = XCSwiftPackageProductDependency;
			productName = Decoy;
		};
		A32F9C012A8B6BD200149369 /* DecoyXCUI */ = {
			isa = XCSwiftPackageProductDependency;
			productName = DecoyXCUI;
		};
/* End XCSwiftPackageProductDependency section */
	};
	rootObject = A35E16F82A8B628300438A0A /* Project object */;
}
